
Microsoft Visual Studio Solution File, Format Version 12.00
# Visual Studio Version 16
VisualStudioVersion = 16.0.33027.164
MinimumVisualStudioVersion = 10.0.40219.1
Project("{C9674DCB-5085-4A16-B785-4C70DD1589BD}") = "Integration Services Project 1", "Integration Services Project1\Integration Services Project 1.dtproj", "{4A14066B-6045-405D-AD67-580C73583FD0}"
EndProject
Global
	GlobalSection(SolutionConfigurationPlatforms) = preSolution
		Development|Default = Development|Default
	EndGlobalSection
	GlobalSection(ProjectConfigurationPlatforms) = postSolution
		{4A14066B-6045-405D-AD67-580C73583FD0}.Development|Default.ActiveCfg = Development
		{4A14066B-6045-405D-AD67-580C73583FD0}.Development|Default.Build.0 = Development
	EndGlobalSection
	GlobalSection(SolutionProperties) = preSolution
		HideSolutionNode = FALSE
	EndGlobalSection
	GlobalSection(ExtensibilityGlobals) = postSolution
		SolutionGuid = {7F1D33C7-85A6-4B08-A6C8-BC96D52730E7}
	EndGlobalSection
EndGlobal
